Microsoft Visual Studio Solution File, Format Version 12.00
# Visual Studio 15
Project("{8BC9CEB8-8B4A-11D0-8D11-00A0C91BC942}") = "ALL_BUILD", "ALL_BUILD.vcxproj", "{139557BA-8307-3E09-BC7C-D57CCCB55EBE}"
	ProjectSection(ProjectDependencies) = postProject
		{93A76E82-3AE8-3E4A-855E-575059106C88} = {93A76E82-3AE8-3E4A-855E-575059106C88}
		{A2106F12-981D-38CF-AC60-E099AB8A74BA} = {A2106F12-981D-38CF-AC60-E099AB8A74BA}
		{B194A4D1-1E3D-3A6D-A51E-D79EF1A6164A} = {B194A4D1-1E3D-3A6D-A51E-D79EF1A6164A}
	EndProjectSection
EndProject
Project("{8BC9CEB8-8B4A-11D0-8D11-00A0C91BC942}") = "ZERO_CHECK", "ZERO_CHECK.vcxproj", "{93A76E82-3AE8-3E4A-855E-575059106C88}"
	ProjectSection(ProjectDependencies) = postProject
	EndProjectSection
EndProject
Project("{8BC9CEB8-8B4A-11D0-8D11-00A0C91BC942}") = "libx3", "x3\libx3.vcxproj", "{A2106F12-981D-38CF-AC60-E099AB8A74BA}"
	ProjectSection(ProjectDependencies) = postProject
		{93A76E82-3AE8-3E4A-855E-575059106C88} = {93A76E82-3AE8-3E4A-855E-575059106C88}
	EndProjectSection
EndProject
Project("{8BC9CEB8-8B4A-11D0-8D11-00A0C91BC942}") = "x-lab", "x-lab.vcxproj", "{B194A4D1-1E3D-3A6D-A51E-D79EF1A6164A}"
	ProjectSection(ProjectDependencies) = postProject
		{93A76E82-3AE8-3E4A-855E-575059106C88} = {93A76E82-3AE8-3E4A-855E-575059106C88}
	EndProjectSection
EndProject
Global
	GlobalSection(SolutionConfigurationPlatforms) = preSolution
		Debug|Win32 = Debug|Win32
		Release|Win32 = Release|Win32
		MinSizeRel|Win32 = MinSizeRel|Win32
		RelWithDebInfo|Win32 = RelWithDebInfo|Win32
	EndGlobalSection
	GlobalSection(ProjectConfigurationPlatforms) = postSolution
		{139557BA-8307-3E09-BC7C-D57CCCB55EBE}.Debug|Win32.ActiveCfg = Debug|Win32
		{139557BA-8307-3E09-BC7C-D57CCCB55EBE}.Release|Win32.ActiveCfg = Release|Win32
		{139557BA-8307-3E09-BC7C-D57CCCB55EBE}.MinSizeRel|Win32.ActiveCfg = MinSizeRel|Win32
		{139557BA-8307-3E09-BC7C-D57CCCB55EBE}.RelWithDebInfo|Win32.ActiveCfg = RelWithDebInfo|Win32
		{93A76E82-3AE8-3E4A-855E-575059106C88}.Debug|Win32.ActiveCfg = Debug|Win32
		{93A76E82-3AE8-3E4A-855E-575059106C88}.Debug|Win32.Build.0 = Debug|Win32
		{93A76E82-3AE8-3E4A-855E-575059106C88}.Release|Win32.ActiveCfg = Release|Win32
		{93A76E82-3AE8-3E4A-855E-575059106C88}.Release|Win32.Build.0 = Release|Win32
		{93A76E82-3AE8-3E4A-855E-575059106C88}.MinSizeRel|Win32.ActiveCfg = MinSizeRel|Win32
		{93A76E82-3AE8-3E4A-855E-575059106C88}.MinSizeRel|Win32.Build.0 = MinSizeRel|Win32
		{93A76E82-3AE8-3E4A-855E-575059106C88}.RelWithDebInfo|Win32.ActiveCfg = RelWithDebInfo|Win32
		{93A76E82-3AE8-3E4A-855E-575059106C88}.RelWithDebInfo|Win32.Build.0 = RelWithDebInfo|Win32
		{A2106F12-981D-38CF-AC60-E099AB8A74BA}.Debug|Win32.ActiveCfg = Debug|Win32
		{A2106F12-981D-38CF-AC60-E099AB8A74BA}.Debug|Win32.Build.0 = Debug|Win32
		{A2106F12-981D-38CF-AC60-E099AB8A74BA}.Release|Win32.ActiveCfg = Release|Win32
		{A2106F12-981D-38CF-AC60-E099AB8A74BA}.Release|Win32.Build.0 = Release|Win32
		{A2106F12-981D-38CF-AC60-E099AB8A74BA}.MinSizeRel|Win32.ActiveCfg = MinSizeRel|Win32
		{A2106F12-981D-38CF-AC60-E099AB8A74BA}.MinSizeRel|Win32.Build.0 = MinSizeRel|Win32
		{A2106F12-981D-38CF-AC60-E099AB8A74BA}.RelWithDebInfo|Win32.ActiveCfg = RelWithDebInfo|Win32
		{A2106F12-981D-38CF-AC60-E099AB8A74BA}.RelWithDebInfo|Win32.Build.0 = RelWithDebInfo|Win32
		{B194A4D1-1E3D-3A6D-A51E-D79EF1A6164A}.Debug|Win32.ActiveCfg = Debug|Win32
		{B194A4D1-1E3D-3A6D-A51E-D79EF1A6164A}.Debug|Win32.Build.0 = Debug|Win32
		{B194A4D1-1E3D-3A6D-A51E-D79EF1A6164A}.Release|Win32.ActiveCfg = Release|Win32
		{B194A4D1-1E3D-3A6D-A51E-D79EF1A6164A}.Release|Win32.Build.0 = Release|Win32
		{B194A4D1-1E3D-3A6D-A51E-D79EF1A6164A}.MinSizeRel|Win32.ActiveCfg = MinSizeRel|Win32
		{B194A4D1-1E3D-3A6D-A51E-D79EF1A6164A}.MinSizeRel|Win32.Build.0 = MinSizeRel|Win32
		{B194A4D1-1E3D-3A6D-A51E-D79EF1A6164A}.RelWithDebInfo|Win32.ActiveCfg = RelWithDebInfo|Win32
		{B194A4D1-1E3D-3A6D-A51E-D79EF1A6164A}.RelWithDebInfo|Win32.Build.0 = RelWithDebInfo|Win32
	EndGlobalSection
	GlobalSection(ExtensibilityGlobals) = postSolution
		SolutionGuid = {AF756F50-420A-30F9-8567-97BAD7286E0B}
	EndGlobalSection
	GlobalSection(ExtensibilityAddIns) = postSolution
	EndGlobalSection
EndGlobal
