Microsoft Visual Studio Solution File, Format Version 12.00
# Visual Studio 15
Project("{2150E333-8FDC-42A3-9474-1A3956D46DE8}") = "CMakePredefinedTargets", "CMakePredefinedTargets", "{64EBBEAB-5AC8-376D-8821-0BE1BC0CCA63}"
EndProject
Project("{2150E333-8FDC-42A3-9474-1A3956D46DE8}") = "Libraries", "Libraries", "{E400EDED-225B-3569-8F35-FE8D150CA3FC}"
EndProject
Project("{8BC9CEB8-8B4A-11D0-8D11-00A0C91BC942}") = "ALL_BUILD", "ALL_BUILD.vcxproj", "{7E994189-C2CF-3C25-A1AD-7C034D32D20B}"
	ProjectSection(ProjectDependencies) = postProject
		{9525D02C-D4FC-3C45-A4C7-924F021EFEC8} = {9525D02C-D4FC-3C45-A4C7-924F021EFEC8}
		{0F196751-A22F-3BCA-ACA5-1FEFEC7570C5} = {0F196751-A22F-3BCA-ACA5-1FEFEC7570C5}
		{69FDEFAA-069D-3B99-86BC-0E85E1D5B7F5} = {69FDEFAA-069D-3B99-86BC-0E85E1D5B7F5}
		{84AB9E49-9DF8-344F-BFF3-2240E961C804} = {84AB9E49-9DF8-344F-BFF3-2240E961C804}
		{6D66544A-B9E8-3BEC-BCC0-BF7FDD15D004} = {6D66544A-B9E8-3BEC-BCC0-BF7FDD15D004}
	EndProjectSection
EndProject
Project("{8BC9CEB8-8B4A-11D0-8D11-00A0C91BC942}") = "ZERO_CHECK", "ZERO_CHECK.vcxproj", "{9525D02C-D4FC-3C45-A4C7-924F021EFEC8}"
	ProjectSection(ProjectDependencies) = postProject
	EndProjectSection
EndProject
Project("{8BC9CEB8-8B4A-11D0-8D11-00A0C91BC942}") = "libx0", "x0\libx0.vcxproj", "{0F196751-A22F-3BCA-ACA5-1FEFEC7570C5}"
	ProjectSection(ProjectDependencies) = postProject
		{9525D02C-D4FC-3C45-A4C7-924F021EFEC8} = {9525D02C-D4FC-3C45-A4C7-924F021EFEC8}
	EndProjectSection
EndProject
Project("{8BC9CEB8-8B4A-11D0-8D11-00A0C91BC942}") = "libx2", "x2\libx2.vcxproj", "{69FDEFAA-069D-3B99-86BC-0E85E1D5B7F5}"
	ProjectSection(ProjectDependencies) = postProject
		{9525D02C-D4FC-3C45-A4C7-924F021EFEC8} = {9525D02C-D4FC-3C45-A4C7-924F021EFEC8}
	EndProjectSection
EndProject
Project("{8BC9CEB8-8B4A-11D0-8D11-00A0C91BC942}") = "libx3", "x3\libx3.vcxproj", "{84AB9E49-9DF8-344F-BFF3-2240E961C804}"
	ProjectSection(ProjectDependencies) = postProject
		{9525D02C-D4FC-3C45-A4C7-924F021EFEC8} = {9525D02C-D4FC-3C45-A4C7-924F021EFEC8}
		{0F196751-A22F-3BCA-ACA5-1FEFEC7570C5} = {0F196751-A22F-3BCA-ACA5-1FEFEC7570C5}
	EndProjectSection
EndProject
Project("{8BC9CEB8-8B4A-11D0-8D11-00A0C91BC942}") = "x-lab", "x-lab.vcxproj", "{6D66544A-B9E8-3BEC-BCC0-BF7FDD15D004}"
	ProjectSection(ProjectDependencies) = postProject
		{9525D02C-D4FC-3C45-A4C7-924F021EFEC8} = {9525D02C-D4FC-3C45-A4C7-924F021EFEC8}
		{0F196751-A22F-3BCA-ACA5-1FEFEC7570C5} = {0F196751-A22F-3BCA-ACA5-1FEFEC7570C5}
		{84AB9E49-9DF8-344F-BFF3-2240E961C804} = {84AB9E49-9DF8-344F-BFF3-2240E961C804}
	EndProjectSection
EndProject
Global
	GlobalSection(SolutionConfigurationPlatforms) = preSolution
		Debug|Win32 = Debug|Win32
		Release|Win32 = Release|Win32
		MinSizeRel|Win32 = MinSizeRel|Win32
		RelWithDebInfo|Win32 = RelWithDebInfo|Win32
	EndGlobalSection
	GlobalSection(ProjectConfigurationPlatforms) = postSolution
		{7E994189-C2CF-3C25-A1AD-7C034D32D20B}.Debug|Win32.ActiveCfg = Debug|Win32
		{7E994189-C2CF-3C25-A1AD-7C034D32D20B}.Release|Win32.ActiveCfg = Release|Win32
		{7E994189-C2CF-3C25-A1AD-7C034D32D20B}.MinSizeRel|Win32.ActiveCfg = MinSizeRel|Win32
		{7E994189-C2CF-3C25-A1AD-7C034D32D20B}.RelWithDebInfo|Win32.ActiveCfg = RelWithDebInfo|Win32
		{9525D02C-D4FC-3C45-A4C7-924F021EFEC8}.Debug|Win32.ActiveCfg = Debug|Win32
		{9525D02C-D4FC-3C45-A4C7-924F021EFEC8}.Debug|Win32.Build.0 = Debug|Win32
		{9525D02C-D4FC-3C45-A4C7-924F021EFEC8}.Release|Win32.ActiveCfg = Release|Win32
		{9525D02C-D4FC-3C45-A4C7-924F021EFEC8}.Release|Win32.Build.0 = Release|Win32
		{9525D02C-D4FC-3C45-A4C7-924F021EFEC8}.MinSizeRel|Win32.ActiveCfg = MinSizeRel|Win32
		{9525D02C-D4FC-3C45-A4C7-924F021EFEC8}.MinSizeRel|Win32.Build.0 = MinSizeRel|Win32
		{9525D02C-D4FC-3C45-A4C7-924F021EFEC8}.RelWithDebInfo|Win32.ActiveCfg = RelWithDebInfo|Win32
		{9525D02C-D4FC-3C45-A4C7-924F021EFEC8}.RelWithDebInfo|Win32.Build.0 = RelWithDebInfo|Win32
		{0F196751-A22F-3BCA-ACA5-1FEFEC7570C5}.Debug|Win32.ActiveCfg = Debug|Win32
		{0F196751-A22F-3BCA-ACA5-1FEFEC7570C5}.Debug|Win32.Build.0 = Debug|Win32
		{0F196751-A22F-3BCA-ACA5-1FEFEC7570C5}.Release|Win32.ActiveCfg = Release|Win32
		{0F196751-A22F-3BCA-ACA5-1FEFEC7570C5}.Release|Win32.Build.0 = Release|Win32
		{0F196751-A22F-3BCA-ACA5-1FEFEC7570C5}.MinSizeRel|Win32.ActiveCfg = MinSizeRel|Win32
		{0F196751-A22F-3BCA-ACA5-1FEFEC7570C5}.MinSizeRel|Win32.Build.0 = MinSizeRel|Win32
		{0F196751-A22F-3BCA-ACA5-1FEFEC7570C5}.RelWithDebInfo|Win32.ActiveCfg = RelWithDebInfo|Win32
		{0F196751-A22F-3BCA-ACA5-1FEFEC7570C5}.RelWithDebInfo|Win32.Build.0 = RelWithDebInfo|Win32
		{69FDEFAA-069D-3B99-86BC-0E85E1D5B7F5}.Debug|Win32.ActiveCfg = Debug|Win32
		{69FDEFAA-069D-3B99-86BC-0E85E1D5B7F5}.Debug|Win32.Build.0 = Debug|Win32
		{69FDEFAA-069D-3B99-86BC-0E85E1D5B7F5}.Release|Win32.ActiveCfg = Release|Win32
		{69FDEFAA-069D-3B99-86BC-0E85E1D5B7F5}.Release|Win32.Build.0 = Release|Win32
		{69FDEFAA-069D-3B99-86BC-0E85E1D5B7F5}.MinSizeRel|Win32.ActiveCfg = MinSizeRel|Win32
		{69FDEFAA-069D-3B99-86BC-0E85E1D5B7F5}.MinSizeRel|Win32.Build.0 = MinSizeRel|Win32
		{69FDEFAA-069D-3B99-86BC-0E85E1D5B7F5}.RelWithDebInfo|Win32.ActiveCfg = RelWithDebInfo|Win32
		{69FDEFAA-069D-3B99-86BC-0E85E1D5B7F5}.RelWithDebInfo|Win32.Build.0 = RelWithDebInfo|Win32
		{84AB9E49-9DF8-344F-BFF3-2240E961C804}.Debug|Win32.ActiveCfg = Debug|Win32
		{84AB9E49-9DF8-344F-BFF3-2240E961C804}.Debug|Win32.Build.0 = Debug|Win32
		{84AB9E49-9DF8-344F-BFF3-2240E961C804}.Release|Win32.ActiveCfg = Release|Win32
		{84AB9E49-9DF8-344F-BFF3-2240E961C804}.Release|Win32.Build.0 = Release|Win32
		{84AB9E49-9DF8-344F-BFF3-2240E961C804}.MinSizeRel|Win32.ActiveCfg = MinSizeRel|Win32
		{84AB9E49-9DF8-344F-BFF3-2240E961C804}.MinSizeRel|Win32.Build.0 = MinSizeRel|Win32
		{84AB9E49-9DF8-344F-BFF3-2240E961C804}.RelWithDebInfo|Win32.ActiveCfg = RelWithDebInfo|Win32
		{84AB9E49-9DF8-344F-BFF3-2240E961C804}.RelWithDebInfo|Win32.Build.0 = RelWithDebInfo|Win32
		{6D66544A-B9E8-3BEC-BCC0-BF7FDD15D004}.Debug|Win32.ActiveCfg = Debug|Win32
		{6D66544A-B9E8-3BEC-BCC0-BF7FDD15D004}.Debug|Win32.Build.0 = Debug|Win32
		{6D66544A-B9E8-3BEC-BCC0-BF7FDD15D004}.Release|Win32.ActiveCfg = Release|Win32
		{6D66544A-B9E8-3BEC-BCC0-BF7FDD15D004}.Release|Win32.Build.0 = Release|Win32
		{6D66544A-B9E8-3BEC-BCC0-BF7FDD15D004}.MinSizeRel|Win32.ActiveCfg = MinSizeRel|Win32
		{6D66544A-B9E8-3BEC-BCC0-BF7FDD15D004}.MinSizeRel|Win32.Build.0 = MinSizeRel|Win32
		{6D66544A-B9E8-3BEC-BCC0-BF7FDD15D004}.RelWithDebInfo|Win32.ActiveCfg = RelWithDebInfo|Win32
		{6D66544A-B9E8-3BEC-BCC0-BF7FDD15D004}.RelWithDebInfo|Win32.Build.0 = RelWithDebInfo|Win32
	EndGlobalSection
	GlobalSection(NestedProjects) = preSolution
		{7E994189-C2CF-3C25-A1AD-7C034D32D20B} = {64EBBEAB-5AC8-376D-8821-0BE1BC0CCA63}
		{9525D02C-D4FC-3C45-A4C7-924F021EFEC8} = {64EBBEAB-5AC8-376D-8821-0BE1BC0CCA63}
		{0F196751-A22F-3BCA-ACA5-1FEFEC7570C5} = {E400EDED-225B-3569-8F35-FE8D150CA3FC}
		{69FDEFAA-069D-3B99-86BC-0E85E1D5B7F5} = {E400EDED-225B-3569-8F35-FE8D150CA3FC}
		{84AB9E49-9DF8-344F-BFF3-2240E961C804} = {E400EDED-225B-3569-8F35-FE8D150CA3FC}
	EndGlobalSection
	GlobalSection(ExtensibilityGlobals) = postSolution
		SolutionGuid = {4E60B71B-D24D-3568-9E73-643F66DC816D}
	EndGlobalSection
	GlobalSection(ExtensibilityAddIns) = postSolution
	EndGlobalSection
EndGlobal
