<?xml version="1.0" encoding="utf-8"?>
<Project ToolsVersion="15.0" xmlns="http://schemas.microsoft.com/developer/msbuild/2003">
  <ItemGroup>
    <ClCompile Include="D:\physwf-x-lab\dx11demo\main.cpp">
      <Filter>Source Files</Filter>
    </ClCompile>
    <ClCompile Include="D:\physwf-x-lab\dx11demo\EnumAdapter.cpp">
      <Filter>Source Files</Filter>
    </ClCompile>
    <ClCompile Include="D:\physwf-x-lab\dx11demo\D3D11Triangle.cpp">
      <Filter>Source Files</Filter>
    </ClCompile>
    <ClCompile Include="D:\physwf-x-lab\dx11demo\FBXWalker.cpp">
      <Filter>Source Files</Filter>
    </ClCompile>
    <ClCompile Include="D:\physwf-x-lab\dx11demo\Mesh.cpp">
      <Filter>Source Files</Filter>
    </ClCompile>
  </ItemGroup>
  <ItemGroup>
    <ClInclude Include="D:\physwf-x-lab\dx11demo\log.h">
      <Filter>Header Files</Filter>
    </ClInclude>
    <ClInclude Include="D:\physwf-x-lab\dx11demo\FBXWalker.h">
      <Filter>Header Files</Filter>
    </ClInclude>
    <ClInclude Include="D:\physwf-x-lab\dx11demo\Mesh.h">
      <Filter>Header Files</Filter>
    </ClInclude>
  </ItemGroup>
  <ItemGroup>
    <CustomBuild Include="D:\physwf-x-lab\dx11demo\CMakeLists.txt" />
  </ItemGroup>
  <ItemGroup>
    <Filter Include="Header Files">
      <UniqueIdentifier>{06D896AB-1577-3E0F-B642-C5F6845AE396}</UniqueIdentifier>
    </Filter>
    <Filter Include="Source Files">
      <UniqueIdentifier>{F9568DB7-F6D9-34DB-B172-DFF5C643178F}</UniqueIdentifier>
    </Filter>
  </ItemGroup>
</Project>
