Microsoft Visual Studio Solution File, Format Version 12.00
# Visual Studio 15
Project("{8BC9CEB8-8B4A-11D0-8D11-00A0C91BC942}") = "ALL_BUILD", "ALL_BUILD.vcxproj", "{E11CDD2D-0C41-3235-A2A1-6B08A191FB19}"
	ProjectSection(ProjectDependencies) = postProject
		{8074307E-757F-3FB3-9655-82309F0CA9D2} = {8074307E-757F-3FB3-9655-82309F0CA9D2}
		{1168DC6C-614A-3AAD-8F52-4701714911C6} = {1168DC6C-614A-3AAD-8F52-4701714911C6}
	EndProjectSection
EndProject
Project("{8BC9CEB8-8B4A-11D0-8D11-00A0C91BC942}") = "ZERO_CHECK", "ZERO_CHECK.vcxproj", "{8074307E-757F-3FB3-9655-82309F0CA9D2}"
	ProjectSection(ProjectDependencies) = postProject
	EndProjectSection
EndProject
Project("{8BC9CEB8-8B4A-11D0-8D11-00A0C91BC942}") = "dx11demo", "dx11demo.vcxproj", "{1168DC6C-614A-3AAD-8F52-4701714911C6}"
	ProjectSection(ProjectDependencies) = postProject
		{8074307E-757F-3FB3-9655-82309F0CA9D2} = {8074307E-757F-3FB3-9655-82309F0CA9D2}
	EndProjectSection
EndProject
Global
	GlobalSection(SolutionConfigurationPlatforms) = preSolution
		Debug|Win32 = Debug|Win32
		Release|Win32 = Release|Win32
		MinSizeRel|Win32 = MinSizeRel|Win32
		RelWithDebInfo|Win32 = RelWithDebInfo|Win32
	EndGlobalSection
	GlobalSection(ProjectConfigurationPlatforms) = postSolution
		{E11CDD2D-0C41-3235-A2A1-6B08A191FB19}.Debug|Win32.ActiveCfg = Debug|Win32
		{E11CDD2D-0C41-3235-A2A1-6B08A191FB19}.Release|Win32.ActiveCfg = Release|Win32
		{E11CDD2D-0C41-3235-A2A1-6B08A191FB19}.MinSizeRel|Win32.ActiveCfg = MinSizeRel|Win32
		{E11CDD2D-0C41-3235-A2A1-6B08A191FB19}.RelWithDebInfo|Win32.ActiveCfg = RelWithDebInfo|Win32
		{8074307E-757F-3FB3-9655-82309F0CA9D2}.Debug|Win32.ActiveCfg = Debug|Win32
		{8074307E-757F-3FB3-9655-82309F0CA9D2}.Debug|Win32.Build.0 = Debug|Win32
		{8074307E-757F-3FB3-9655-82309F0CA9D2}.Release|Win32.ActiveCfg = Release|Win32
		{8074307E-757F-3FB3-9655-82309F0CA9D2}.Release|Win32.Build.0 = Release|Win32
		{8074307E-757F-3FB3-9655-82309F0CA9D2}.MinSizeRel|Win32.ActiveCfg = MinSizeRel|Win32
		{8074307E-757F-3FB3-9655-82309F0CA9D2}.MinSizeRel|Win32.Build.0 = MinSizeRel|Win32
		{8074307E-757F-3FB3-9655-82309F0CA9D2}.RelWithDebInfo|Win32.ActiveCfg = RelWithDebInfo|Win32
		{8074307E-757F-3FB3-9655-82309F0CA9D2}.RelWithDebInfo|Win32.Build.0 = RelWithDebInfo|Win32
		{1168DC6C-614A-3AAD-8F52-4701714911C6}.Debug|Win32.ActiveCfg = Debug|Win32
		{1168DC6C-614A-3AAD-8F52-4701714911C6}.Debug|Win32.Build.0 = Debug|Win32
		{1168DC6C-614A-3AAD-8F52-4701714911C6}.Release|Win32.ActiveCfg = Release|Win32
		{1168DC6C-614A-3AAD-8F52-4701714911C6}.Release|Win32.Build.0 = Release|Win32
		{1168DC6C-614A-3AAD-8F52-4701714911C6}.MinSizeRel|Win32.ActiveCfg = MinSizeRel|Win32
		{1168DC6C-614A-3AAD-8F52-4701714911C6}.MinSizeRel|Win32.Build.0 = MinSizeRel|Win32
		{1168DC6C-614A-3AAD-8F52-4701714911C6}.RelWithDebInfo|Win32.ActiveCfg = RelWithDebInfo|Win32
		{1168DC6C-614A-3AAD-8F52-4701714911C6}.RelWithDebInfo|Win32.Build.0 = RelWithDebInfo|Win32
	EndGlobalSection
	GlobalSection(ExtensibilityGlobals) = postSolution
		SolutionGuid = {BBA6C603-BF98-3025-B8C7-B90CD4BFA1B5}
	EndGlobalSection
	GlobalSection(ExtensibilityAddIns) = postSolution
	EndGlobalSection
EndGlobal
