<?xml version="1.0" encoding="utf-8"?>
<Project ToolsVersion="15.0" xmlns="http://schemas.microsoft.com/developer/msbuild/2003">
  <ItemGroup>
    <CustomBuild Include="D:\physwf-x-lab\dx11demo\CMakeFiles\03d1709eca6e6c007f98db0a35d4ff6e\generate.stamp.rule">
      <Filter>CMake Rules</Filter>
    </CustomBuild>
  </ItemGroup>
  <ItemGroup>
    <Filter Include="CMake Rules">
      <UniqueIdentifier>{5F1E6A82-97C8-3DDF-B0ED-26066D976B01}</UniqueIdentifier>
    </Filter>
  </ItemGroup>
</Project>
