<?xml version="1.0" encoding="utf-8"?>
<Project ToolsVersion="15.0" xmlns="http://schemas.microsoft.com/developer/msbuild/2003">
  <ItemGroup>
    <ClCompile Include="E:\physwf-x-lab\x3\Source\BSDSockets\InternetAddrBSD.cpp">
      <Filter>Source\BSDSockets</Filter>
    </ClCompile>
    <ClCompile Include="E:\physwf-x-lab\x3\Source\BSDSockets\SocketBSD.cpp">
      <Filter>Source\BSDSockets</Filter>
    </ClCompile>
    <ClCompile Include="E:\physwf-x-lab\x3\Source\BSDSockets\SocketSubsystemBSD.cpp">
      <Filter>Source\BSDSockets</Filter>
    </ClCompile>
    <ClCompile Include="E:\physwf-x-lab\x3\Source\SoketSubsystem.cpp">
      <Filter>Source</Filter>
    </ClCompile>
    <ClCompile Include="E:\physwf-x-lab\x3\Source\Windows\SocketSubsystemWindows.cpp">
      <Filter>Source\Windows</Filter>
    </ClCompile>
  </ItemGroup>
  <ItemGroup>
    <ClInclude Include="E:\physwf-x-lab\x3\Include\IPAddress.h">
      <Filter>Include</Filter>
    </ClInclude>
    <ClInclude Include="E:\physwf-x-lab\x3\Include\SocketSubsystem.h">
      <Filter>Include</Filter>
    </ClInclude>
    <ClInclude Include="E:\physwf-x-lab\x3\Include\SocketSubsystemModule.h">
      <Filter>Include</Filter>
    </ClInclude>
    <ClInclude Include="E:\physwf-x-lab\x3\Include\SocketTypes.h">
      <Filter>Include</Filter>
    </ClInclude>
    <ClInclude Include="E:\physwf-x-lab\x3\Include\Sockets.h">
      <Filter>Include</Filter>
    </ClInclude>
    <ClInclude Include="E:\physwf-x-lab\x3\Include\X3.h">
      <Filter>Include</Filter>
    </ClInclude>
    <ClInclude Include="E:\physwf-x-lab\x3\Source\BSDSockets\InternetAddrBSD.h">
      <Filter>Source\BSDSockets</Filter>
    </ClInclude>
    <ClInclude Include="E:\physwf-x-lab\x3\Source\BSDSockets\SocketBSD.h">
      <Filter>Source\BSDSockets</Filter>
    </ClInclude>
    <ClInclude Include="E:\physwf-x-lab\x3\Source\BSDSockets\SocketSubsystemBSD.h">
      <Filter>Source\BSDSockets</Filter>
    </ClInclude>
    <ClInclude Include="E:\physwf-x-lab\x3\Source\BSDSockets\SocketSubsystemBSDPrivate.h">
      <Filter>Source\BSDSockets</Filter>
    </ClInclude>
    <ClInclude Include="E:\physwf-x-lab\x3\Source\Windows\SocketSubsystemWindows.h">
      <Filter>Source\Windows</Filter>
    </ClInclude>
  </ItemGroup>
  <ItemGroup>
    <CustomBuild Include="E:\physwf-x-lab\x3\CMakeLists.txt" />
  </ItemGroup>
  <ItemGroup>
    <Filter Include="Include">
      <UniqueIdentifier>{7DCA985B-2A0F-3B6C-AF8A-D3797C3E22C4}</UniqueIdentifier>
    </Filter>
    <Filter Include="Source">
      <UniqueIdentifier>{F523BFEE-5079-343C-8BF3-F7DB44B588EF}</UniqueIdentifier>
    </Filter>
    <Filter Include="Source\BSDSockets">
      <UniqueIdentifier>{BE04CA99-A2E4-3724-BD19-6F19E47B83A6}</UniqueIdentifier>
    </Filter>
    <Filter Include="Source\Windows">
      <UniqueIdentifier>{B228BEC2-A31F-3214-9495-CDEA97F0E8DA}</UniqueIdentifier>
    </Filter>
  </ItemGroup>
</Project>
