<?xml version="1.0" encoding="utf-8"?>
<Project ToolsVersion="15.0" xmlns="http://schemas.microsoft.com/developer/msbuild/2003">
  <ItemGroup>
    <ClCompile Include="E:\physwf-x-lab\x3\Source\BSDSockets\InternetAddrBSD.cpp">
      <Filter>Source Files</Filter>
    </ClCompile>
    <ClCompile Include="E:\physwf-x-lab\x3\Source\BSDSockets\SocketBSD.cpp">
      <Filter>Source Files</Filter>
    </ClCompile>
    <ClCompile Include="E:\physwf-x-lab\x3\Source\BSDSockets\SocketSubsystemBSD.cpp">
      <Filter>Source Files</Filter>
    </ClCompile>
  </ItemGroup>
  <ItemGroup>
    <CustomBuild Include="E:\physwf-x-lab\x3\CMakeLists.txt" />
  </ItemGroup>
  <ItemGroup>
    <Filter Include="Source Files">
      <UniqueIdentifier>{899AB982-CA73-3794-A1E1-E68F96231706}</UniqueIdentifier>
    </Filter>
  </ItemGroup>
</Project>
