Microsoft Visual Studio Solution File, Format Version 12.00
# Visual Studio 15
Project("{8BC9CEB8-8B4A-11D0-8D11-00A0C91BC942}") = "ALL_BUILD", "ALL_BUILD.vcxproj", "{0107EB75-23BC-3A42-8F65-95E2DDE58509}"
	ProjectSection(ProjectDependencies) = postProject
		{488959A4-B7B2-3734-88C6-EC1B1FCBF333} = {488959A4-B7B2-3734-88C6-EC1B1FCBF333}
		{7FDDCD78-04ED-3120-ABDA-5DE1A44EECC9} = {7FDDCD78-04ED-3120-ABDA-5DE1A44EECC9}
	EndProjectSection
EndProject
Project("{8BC9CEB8-8B4A-11D0-8D11-00A0C91BC942}") = "ZERO_CHECK", "ZERO_CHECK.vcxproj", "{488959A4-B7B2-3734-88C6-EC1B1FCBF333}"
	ProjectSection(ProjectDependencies) = postProject
	EndProjectSection
EndProject
Project("{8BC9CEB8-8B4A-11D0-8D11-00A0C91BC942}") = "libx1", "libx1.vcxproj", "{7FDDCD78-04ED-3120-ABDA-5DE1A44EECC9}"
	ProjectSection(ProjectDependencies) = postProject
		{488959A4-B7B2-3734-88C6-EC1B1FCBF333} = {488959A4-B7B2-3734-88C6-EC1B1FCBF333}
	EndProjectSection
EndProject
Global
	GlobalSection(SolutionConfigurationPlatforms) = preSolution
		Debug|Win32 = Debug|Win32
		Release|Win32 = Release|Win32
		MinSizeRel|Win32 = MinSizeRel|Win32
		RelWithDebInfo|Win32 = RelWithDebInfo|Win32
	EndGlobalSection
	GlobalSection(ProjectConfigurationPlatforms) = postSolution
		{0107EB75-23BC-3A42-8F65-95E2DDE58509}.Debug|Win32.ActiveCfg = Debug|Win32
		{0107EB75-23BC-3A42-8F65-95E2DDE58509}.Release|Win32.ActiveCfg = Release|Win32
		{0107EB75-23BC-3A42-8F65-95E2DDE58509}.MinSizeRel|Win32.ActiveCfg = MinSizeRel|Win32
		{0107EB75-23BC-3A42-8F65-95E2DDE58509}.RelWithDebInfo|Win32.ActiveCfg = RelWithDebInfo|Win32
		{488959A4-B7B2-3734-88C6-EC1B1FCBF333}.Debug|Win32.ActiveCfg = Debug|Win32
		{488959A4-B7B2-3734-88C6-EC1B1FCBF333}.Debug|Win32.Build.0 = Debug|Win32
		{488959A4-B7B2-3734-88C6-EC1B1FCBF333}.Release|Win32.ActiveCfg = Release|Win32
		{488959A4-B7B2-3734-88C6-EC1B1FCBF333}.Release|Win32.Build.0 = Release|Win32
		{488959A4-B7B2-3734-88C6-EC1B1FCBF333}.MinSizeRel|Win32.ActiveCfg = MinSizeRel|Win32
		{488959A4-B7B2-3734-88C6-EC1B1FCBF333}.MinSizeRel|Win32.Build.0 = MinSizeRel|Win32
		{488959A4-B7B2-3734-88C6-EC1B1FCBF333}.RelWithDebInfo|Win32.ActiveCfg = RelWithDebInfo|Win32
		{488959A4-B7B2-3734-88C6-EC1B1FCBF333}.RelWithDebInfo|Win32.Build.0 = RelWithDebInfo|Win32
		{7FDDCD78-04ED-3120-ABDA-5DE1A44EECC9}.Debug|Win32.ActiveCfg = Debug|Win32
		{7FDDCD78-04ED-3120-ABDA-5DE1A44EECC9}.Debug|Win32.Build.0 = Debug|Win32
		{7FDDCD78-04ED-3120-ABDA-5DE1A44EECC9}.Release|Win32.ActiveCfg = Release|Win32
		{7FDDCD78-04ED-3120-ABDA-5DE1A44EECC9}.Release|Win32.Build.0 = Release|Win32
		{7FDDCD78-04ED-3120-ABDA-5DE1A44EECC9}.MinSizeRel|Win32.ActiveCfg = MinSizeRel|Win32
		{7FDDCD78-04ED-3120-ABDA-5DE1A44EECC9}.MinSizeRel|Win32.Build.0 = MinSizeRel|Win32
		{7FDDCD78-04ED-3120-ABDA-5DE1A44EECC9}.RelWithDebInfo|Win32.ActiveCfg = RelWithDebInfo|Win32
		{7FDDCD78-04ED-3120-ABDA-5DE1A44EECC9}.RelWithDebInfo|Win32.Build.0 = RelWithDebInfo|Win32
	EndGlobalSection
	GlobalSection(ExtensibilityGlobals) = postSolution
		SolutionGuid = {E3659DED-28FF-395B-8E14-83741804C59A}
	EndGlobalSection
	GlobalSection(ExtensibilityAddIns) = postSolution
	EndGlobalSection
EndGlobal
