Microsoft Visual Studio Solution File, Format Version 12.00
# Visual Studio 15
Project("{8BC9CEB8-8B4A-11D0-8D11-00A0C91BC942}") = "ALL_BUILD", "ALL_BUILD.vcxproj", "{A58A37D9-19F7-31A9-A44F-32F7C98A391D}"
	ProjectSection(ProjectDependencies) = postProject
		{CF8DA54A-4184-3F61-A145-15FBBAC89077} = {CF8DA54A-4184-3F61-A145-15FBBAC89077}
		{1200528C-7FE6-3872-9E39-792A0F0E3602} = {1200528C-7FE6-3872-9E39-792A0F0E3602}
	EndProjectSection
EndProject
Project("{8BC9CEB8-8B4A-11D0-8D11-00A0C91BC942}") = "ZERO_CHECK", "ZERO_CHECK.vcxproj", "{CF8DA54A-4184-3F61-A145-15FBBAC89077}"
	ProjectSection(ProjectDependencies) = postProject
	EndProjectSection
EndProject
Project("{8BC9CEB8-8B4A-11D0-8D11-00A0C91BC942}") = "libx2", "libx2.vcxproj", "{1200528C-7FE6-3872-9E39-792A0F0E3602}"
	ProjectSection(ProjectDependencies) = postProject
		{CF8DA54A-4184-3F61-A145-15FBBAC89077} = {CF8DA54A-4184-3F61-A145-15FBBAC89077}
	EndProjectSection
EndProject
Global
	GlobalSection(SolutionConfigurationPlatforms) = preSolution
		Debug|Win32 = Debug|Win32
		Release|Win32 = Release|Win32
		MinSizeRel|Win32 = MinSizeRel|Win32
		RelWithDebInfo|Win32 = RelWithDebInfo|Win32
	EndGlobalSection
	GlobalSection(ProjectConfigurationPlatforms) = postSolution
		{A58A37D9-19F7-31A9-A44F-32F7C98A391D}.Debug|Win32.ActiveCfg = Debug|Win32
		{A58A37D9-19F7-31A9-A44F-32F7C98A391D}.Release|Win32.ActiveCfg = Release|Win32
		{A58A37D9-19F7-31A9-A44F-32F7C98A391D}.MinSizeRel|Win32.ActiveCfg = MinSizeRel|Win32
		{A58A37D9-19F7-31A9-A44F-32F7C98A391D}.RelWithDebInfo|Win32.ActiveCfg = RelWithDebInfo|Win32
		{CF8DA54A-4184-3F61-A145-15FBBAC89077}.Debug|Win32.ActiveCfg = Debug|Win32
		{CF8DA54A-4184-3F61-A145-15FBBAC89077}.Debug|Win32.Build.0 = Debug|Win32
		{CF8DA54A-4184-3F61-A145-15FBBAC89077}.Release|Win32.ActiveCfg = Release|Win32
		{CF8DA54A-4184-3F61-A145-15FBBAC89077}.Release|Win32.Build.0 = Release|Win32
		{CF8DA54A-4184-3F61-A145-15FBBAC89077}.MinSizeRel|Win32.ActiveCfg = MinSizeRel|Win32
		{CF8DA54A-4184-3F61-A145-15FBBAC89077}.MinSizeRel|Win32.Build.0 = MinSizeRel|Win32
		{CF8DA54A-4184-3F61-A145-15FBBAC89077}.RelWithDebInfo|Win32.ActiveCfg = RelWithDebInfo|Win32
		{CF8DA54A-4184-3F61-A145-15FBBAC89077}.RelWithDebInfo|Win32.Build.0 = RelWithDebInfo|Win32
		{1200528C-7FE6-3872-9E39-792A0F0E3602}.Debug|Win32.ActiveCfg = Debug|Win32
		{1200528C-7FE6-3872-9E39-792A0F0E3602}.Debug|Win32.Build.0 = Debug|Win32
		{1200528C-7FE6-3872-9E39-792A0F0E3602}.Release|Win32.ActiveCfg = Release|Win32
		{1200528C-7FE6-3872-9E39-792A0F0E3602}.Release|Win32.Build.0 = Release|Win32
		{1200528C-7FE6-3872-9E39-792A0F0E3602}.MinSizeRel|Win32.ActiveCfg = MinSizeRel|Win32
		{1200528C-7FE6-3872-9E39-792A0F0E3602}.MinSizeRel|Win32.Build.0 = MinSizeRel|Win32
		{1200528C-7FE6-3872-9E39-792A0F0E3602}.RelWithDebInfo|Win32.ActiveCfg = RelWithDebInfo|Win32
		{1200528C-7FE6-3872-9E39-792A0F0E3602}.RelWithDebInfo|Win32.Build.0 = RelWithDebInfo|Win32
	EndGlobalSection
	GlobalSection(ExtensibilityGlobals) = postSolution
		SolutionGuid = {780CDDA3-4BBB-316F-AF4D-35DC4262ED38}
	EndGlobalSection
	GlobalSection(ExtensibilityAddIns) = postSolution
	EndGlobalSection
EndGlobal
