<?xml version="1.0" encoding="utf-8"?>
<Project ToolsVersion="15.0" xmlns="http://schemas.microsoft.com/developer/msbuild/2003">
  <ItemGroup>
    <ClCompile Include="D:\physwf-x-lab\x4\Source\DynamicRHI.cpp">
      <Filter>Source</Filter>
    </ClCompile>
  </ItemGroup>
  <ItemGroup>
    <ClInclude Include="D:\physwf-x-lab\x4\Include\DynamicRHI.h">
      <Filter>Include</Filter>
    </ClInclude>
    <ClInclude Include="D:\physwf-x-lab\x4\Include\RHIDefinitions.h">
      <Filter>Include</Filter>
    </ClInclude>
    <ClInclude Include="D:\physwf-x-lab\x4\Include\X4.h">
      <Filter>Include</Filter>
    </ClInclude>
  </ItemGroup>
  <ItemGroup>
    <CustomBuild Include="D:\physwf-x-lab\x4\CMakeLists.txt" />
  </ItemGroup>
  <ItemGroup>
    <Filter Include="Include">
      <UniqueIdentifier>{216BA906-F59B-39E5-AED5-0A0E6E11DAA2}</UniqueIdentifier>
    </Filter>
    <Filter Include="Source">
      <UniqueIdentifier>{DA79D6FC-C03E-35B5-98D8-16E37B8807AF}</UniqueIdentifier>
    </Filter>
  </ItemGroup>
</Project>
