<?xml version="1.0" encoding="utf-8"?>
<Project ToolsVersion="15.0" xmlns="http://schemas.microsoft.com/developer/msbuild/2003">
  <ItemGroup>
    <ClCompile Include="E:\physwf-x-lab\x0\Source\HAL\GenericPlatform\GenericPlatformMemory.cpp">
      <Filter>Source\HAL\GenericPlatform</Filter>
    </ClCompile>
    <ClCompile Include="E:\physwf-x-lab\x0\Source\HAL\MemoryBase.cpp">
      <Filter>Source\HAL</Filter>
    </ClCompile>
    <ClCompile Include="E:\physwf-x-lab\x0\Source\HAL\XMemory.cpp">
      <Filter>Source\HAL</Filter>
    </ClCompile>
  </ItemGroup>
  <ItemGroup>
    <ClInclude Include="E:\physwf-x-lab\x0\Include\CoreTypes.h">
      <Filter>Include</Filter>
    </ClInclude>
    <ClInclude Include="E:\physwf-x-lab\x0\Include\GenericPlatform\GenericPlatform.h">
      <Filter>Include\GenericPlatform</Filter>
    </ClInclude>
    <ClInclude Include="E:\physwf-x-lab\x0\Include\GenericPlatform\GenericPlatformMemory.h">
      <Filter>Include\GenericPlatform</Filter>
    </ClInclude>
    <ClInclude Include="E:\physwf-x-lab\x0\Include\HAL\MemoryBase.h">
      <Filter>Include\HAL</Filter>
    </ClInclude>
    <ClInclude Include="E:\physwf-x-lab\x0\Include\HAL\Platform.h">
      <Filter>Include\HAL</Filter>
    </ClInclude>
    <ClInclude Include="E:\physwf-x-lab\x0\Include\HAL\XMemeory.h">
      <Filter>Include\HAL</Filter>
    </ClInclude>
    <ClInclude Include="E:\physwf-x-lab\x0\Include\Linux\LinuxPlatform.h">
      <Filter>Include\Linux</Filter>
    </ClInclude>
    <ClInclude Include="E:\physwf-x-lab\x0\Include\Modules\ModuleInterface.h">
      <Filter>Include\Modules</Filter>
    </ClInclude>
    <ClInclude Include="E:\physwf-x-lab\x0\Include\Unix\UnixPlatform.h">
      <Filter>Include\Unix</Filter>
    </ClInclude>
    <ClInclude Include="E:\physwf-x-lab\x0\Include\Windows\WindowsPlatform.h">
      <Filter>Include\Windows</Filter>
    </ClInclude>
    <ClInclude Include="E:\physwf-x-lab\x0\x0_export.h" />
  </ItemGroup>
  <ItemGroup>
    <CustomBuild Include="E:\physwf-x-lab\x0\CMakeLists.txt" />
  </ItemGroup>
  <ItemGroup>
    <Filter Include="Include">
      <UniqueIdentifier>{7DCA985B-2A0F-3B6C-AF8A-D3797C3E22C4}</UniqueIdentifier>
    </Filter>
    <Filter Include="Include\GenericPlatform">
      <UniqueIdentifier>{AD6EC721-5851-39E8-93BB-E6C7CACFA2FF}</UniqueIdentifier>
    </Filter>
    <Filter Include="Include\HAL">
      <UniqueIdentifier>{5DCE1788-41E8-3EC1-A451-E2D3E8736FBE}</UniqueIdentifier>
    </Filter>
    <Filter Include="Include\Linux">
      <UniqueIdentifier>{76036B7D-09A6-3B7E-A69E-D63A8E4573C9}</UniqueIdentifier>
    </Filter>
    <Filter Include="Include\Modules">
      <UniqueIdentifier>{1E7CEE2A-A253-3561-B4D4-87F73B6C3ED9}</UniqueIdentifier>
    </Filter>
    <Filter Include="Include\Unix">
      <UniqueIdentifier>{2A948C6C-80F5-331B-9285-7B876C6C2C7A}</UniqueIdentifier>
    </Filter>
    <Filter Include="Include\Windows">
      <UniqueIdentifier>{91D61D05-F984-34D7-9BCB-466EA0A3D374}</UniqueIdentifier>
    </Filter>
    <Filter Include="Source">
      <UniqueIdentifier>{F523BFEE-5079-343C-8BF3-F7DB44B588EF}</UniqueIdentifier>
    </Filter>
    <Filter Include="Source\HAL">
      <UniqueIdentifier>{D26E3D5F-8F34-3C55-AABF-39730DC1DD5A}</UniqueIdentifier>
    </Filter>
    <Filter Include="Source\HAL\GenericPlatform">
      <UniqueIdentifier>{B2B0E305-99EC-3804-9233-1EF500032DA9}</UniqueIdentifier>
    </Filter>
  </ItemGroup>
</Project>
