<?xml version="1.0" encoding="utf-8"?>
<Project ToolsVersion="15.0" xmlns="http://schemas.microsoft.com/developer/msbuild/2003">
  <ItemGroup>
    <ClCompile Include="D:\physwf-x-lab\x5\Source\D3D11RHI.cpp">
      <Filter>Source</Filter>
    </ClCompile>
    <ClCompile Include="D:\physwf-x-lab\x5\Source\D3D11Util.cpp">
      <Filter>Source</Filter>
    </ClCompile>
    <ClCompile Include="D:\physwf-x-lab\x5\Source\Windows\WindowsD3D11Device.cpp">
      <Filter>Source\Windows</Filter>
    </ClCompile>
  </ItemGroup>
  <ItemGroup>
    <ClInclude Include="D:\physwf-x-lab\x5\Include\D3D11Util.h">
      <Filter>Include</Filter>
    </ClInclude>
    <ClInclude Include="D:\physwf-x-lab\x5\Source\D3D11RHI.h">
      <Filter>Source</Filter>
    </ClInclude>
    <ClInclude Include="D:\physwf-x-lab\x5\Source\Windows\D3D11RHIBasePrivate.h">
      <Filter>Source\Windows</Filter>
    </ClInclude>
    <ClInclude Include="D:\physwf-x-lab\x5\Source\Windows\D3D11RHIPrivate.h">
      <Filter>Source\Windows</Filter>
    </ClInclude>
  </ItemGroup>
  <ItemGroup>
    <CustomBuild Include="D:\physwf-x-lab\x5\CMakeLists.txt" />
  </ItemGroup>
  <ItemGroup>
    <Filter Include="Include">
      <UniqueIdentifier>{216BA906-F59B-39E5-AED5-0A0E6E11DAA2}</UniqueIdentifier>
    </Filter>
    <Filter Include="Source">
      <UniqueIdentifier>{DA79D6FC-C03E-35B5-98D8-16E37B8807AF}</UniqueIdentifier>
    </Filter>
    <Filter Include="Source\Windows">
      <UniqueIdentifier>{02C2375A-85E7-3EA6-9B65-FB1710054481}</UniqueIdentifier>
    </Filter>
  </ItemGroup>
</Project>
